
Microsoft Visual Studio Solution File, Format Version 12.00
# Visual Studio Version 17
VisualStudioVersion = 17.2.32526.322
MinimumVisualStudioVersion = 10.0.40219.1
Project("{FAE04EC0-301F-11D3-BF4B-00C04F79EFBC}") = "Simple.Solvers", "Simple.Solvers\Simple.Solvers.csproj", "{928BA787-B3BB-4CB7-9888-7EB26E3252BA}"
EndProject
Project("{FAE04EC0-301F-11D3-BF4B-00C04F79EFBC}") = "Simple.Solvers.Tests", "Simple.Solvers.Tests\Simple.Solvers.Tests.csproj", "{D2187BBD-1C19-4892-BC1D-B4D36E73C250}"
EndProject
Global
	GlobalSection(SolutionConfigurationPlatforms) = preSolution
		Debug|Any CPU = Debug|Any CPU
		Release|Any CPU = Release|Any CPU
	EndGlobalSection
	GlobalSection(ProjectConfigurationPlatforms) = postSolution
		{928BA787-B3BB-4CB7-9888-7EB26E3252BA}.Debug|Any CPU.ActiveCfg = Debug|Any CPU
		{928BA787-B3BB-4CB7-9888-7EB26E3252BA}.Debug|Any CPU.Build.0 = Debug|Any CPU
		{928BA787-B3BB-4CB7-9888-7EB26E3252BA}.Release|Any CPU.ActiveCfg = Release|Any CPU
		{928BA787-B3BB-4CB7-9888-7EB26E3252BA}.Release|Any CPU.Build.0 = Release|Any CPU
		{D2187BBD-1C19-4892-BC1D-B4D36E73C250}.Debug|Any CPU.ActiveCfg = Debug|Any CPU
		{D2187BBD-1C19-4892-BC1D-B4D36E73C250}.Debug|Any CPU.Build.0 = Debug|Any CPU
		{D2187BBD-1C19-4892-BC1D-B4D36E73C250}.Release|Any CPU.ActiveCfg = Release|Any CPU
		{D2187BBD-1C19-4892-BC1D-B4D36E73C250}.Release|Any CPU.Build.0 = Release|Any CPU
	EndGlobalSection
	GlobalSection(SolutionProperties) = preSolution
		HideSolutionNode = FALSE
	EndGlobalSection
	GlobalSection(ExtensibilityGlobals) = postSolution
		SolutionGuid = {F580EDB7-C603-44BC-8DE1-EF84757376FF}
	EndGlobalSection
EndGlobal
